// !$*UTF8*$!
{
	archiveVersion = 1;
	classes = {
	};
	objectVersion = 56;
	objects = {

/* Begin PBXBuildFile section */
		7CDD3E222B25182F00146F50 /* AppDelegate.swift in Sources */ = {isa = PBXBuildFile; fileRef = 7CDD3E212B25182F00146F50 /* AppDelegate.swift */; };
		7CDD3E242B25182F00146F50 /* SceneDelegate.swift in Sources */ = {isa = PBXBuildFile; fileRef = 7CDD3E232B25182F00146F50 /* SceneDelegate.swift */; };
		7CDD3E262B25182F00146F50 /* ViewController.swift in Sources */ = {isa = PBXBuildFile; fileRef = 7CDD3E252B25182F00146F50 /* ViewController.swift */; };
		7CDD3E292B25182F00146F50 /* Main.storyboard in Resources */ = {isa = PBXBuildFile; fileRef = 7CDD3E272B25182F00146F50 /* Main.storyboard */; };
		7CDD3E2B2B25183300146F50 /* Assets.xcassets in Resources */ = {isa = PBXBuildFile; fileRef = 7CDD3E2A2B25183300146F50 /* Assets.xcassets */; };
		7CDD3E2E2B25183300146F50 /* LaunchScreen.storyboard in Resources */ = {isa = PBXBuildFile; fileRef = 7CDD3E2C2B25183300146F50 /* LaunchScreen.storyboard */; };
		7CDD3E392B25183300146F50 /* testAutomationTests.swift in Sources */ = {isa = PBXBuildFile; fileRef = 7CDD3E382B25183300146F50 /* testAutomationTests.swift */; };
		7CDD3E432B25183300146F50 /* testAutomationUITests.swift in Sources */ = {isa = PBXBuildFile; fileRef = 7CDD3E422B25183300146F50 /* testAutomationUITests.swift */; };
		7CDD3E452B25183300146F50 /* testAutomationUITestsLaunchTests.swift in Sources */ = {isa = PBXBuildFile; fileRef = 7CDD3E442B25183300146F50 /* testAutomationUITestsLaunchTests.swift */; };
/* End PBXBuildFile section */

/* Begin PBXContainerItemProxy section */
		7CDD3E352B25183300146F50 /* PBXContainerItemProxy */ = {
			isa = PBXContainerItemProxy;
			containerPortal = 7CDD3E162B25182E00146F50 /* Project object */;
			proxyType = 1;
			remoteGlobalIDString = 7CDD3E1D2B25182F00146F50;
			remoteInfo = testAutomation;
		};
		7CDD3E3F2B25183300146F50 /* PBXContainerItemProxy */ = {
			isa = PBXContainerItemProxy;
			containerPortal = 7CDD3E162B25182E00146F50 /* Project object */;
			proxyType = 1;
			remoteGlobalIDString = 7CDD3E1D2B25182F00146F50;
			remoteInfo = testAutomation;
		};
/* End PBXContainerItemProxy section */

/* Begin PBXFileReference section */
		7CDD3E1E2B25182F00146F50 /* testAutomation.app */ = {isa = PBXFileReference; explicitFileType = wrapper.application; includeInIndex = 0; path = testAutomation.app; sourceTree = BUILT_PRODUCTS_DIR; };
		7CDD3E212B25182F00146F50 /* AppDelegate.swift */ = {isa = PBXFileReference; lastKnownFileType = sourcecode.swift; path = AppDelegate.swift; sourceTree = "<group>"; };
		7CDD3E232B25182F00146F50 /* SceneDelegate.swift */ = {isa = PBXFileReference; lastKnownFileType = sourcecode.swift; path = SceneDelegate.swift; sourceTree = "<group>"; };
		7CDD3E252B25182F00146F50 /* ViewController.swift */ = {isa = PBXFileReference; lastKnownFileType = sourcecode.swift; path = ViewController.swift; sourceTree = "<group>"; };
		7CDD3E282B25182F00146F50 /* Base */ = {isa = PBXFileReference; lastKnownFileType = file.storyboard; name = Base; path = Base.lproj/Main.storyboard; sourceTree = "<group>"; };
		7CDD3E2A2B25183300146F50 /* Assets.xcassets */ = {isa = PBXFileReference; lastKnownFileType = folder.assetcatalog; path = Assets.xcassets; sourceTree = "<group>"; };
		7CDD3E2D2B25183300146F50 /* Base */ = {isa = PBXFileReference; lastKnownFileType = file.storyboard; name = Base; path = Base.lproj/LaunchScreen.storyboard; sourceTree = "<group>"; };
		7CDD3E2F2B25183300146F50 /* Info.plist */ = {isa = PBXFileReference; lastKnownFileType = text.plist.xml; path = Info.plist; sourceTree = "<group>"; };
		7CDD3E342B25183300146F50 /* testAutomationTests.xctest */ = {isa = PBXFileReference; explicitFileType = wrapper.cfbundle; includeInIndex = 0; path = testAutomationTests.xctest; sourceTree = BUILT_PRODUCTS_DIR; };
		7CDD3E382B25183300146F50 /* testAutomationTests.swift */ = {isa = PBXFileReference; lastKnownFileType = sourcecode.swift; path = testAutomationTests.swift; sourceTree = "<group>"; };
		7CDD3E3E2B25183300146F50 /* testAutomationUITests.xctest */ = {isa = PBXFileReference; explicitFileType = wrapper.cfbundle; includeInIndex = 0; path = testAutomationUITests.xctest; sourceTree = BUILT_PRODUCTS_DIR; };
		7CDD3E422B25183300146F50 /* testAutomationUITests.swift */ = {isa = PBXFileReference; lastKnownFileType = sourcecode.swift; path = testAutomationUITests.swift; sourceTree = "<group>"; };
		7CDD3E442B25183300146F50 /* testAutomationUITestsLaunchTests.swift */ = {isa = PBXFileReference; lastKnownFileType = sourcecode.swift; path = testAutomationUITestsLaunchTests.swift; sourceTree = "<group>"; };
/* End PBXFileReference section */

/* Begin PBXFrameworksBuildPhase section */
		7CDD3E1B2B25182F00146F50 /* Frameworks */ = {
			isa = PBXFrameworksBuildPhase;
			buildActionMask = 2147483647;
			files = (
			);
			runOnlyForDeploymentPostprocessing = 0;
		};
		7CDD3E312B25183300146F50 /* Frameworks */ = {
			isa = PBXFrameworksBuildPhase;
			buildActionMask = 2147483647;
			files = (
			);
			runOnlyForDeploymentPostprocessing = 0;
		};
		7CDD3E3B2B25183300146F50 /* Frameworks */ = {
			isa = PBXFrameworksBuildPhase;
			buildActionMask = 2147483647;
			files = (
			);
			runOnlyForDeploymentPostprocessing = 0;
		};
/* End PBXFrameworksBuildPhase section */

/* Begin PBXGroup section */
		7CDD3E152B25182E00146F50 = {
			isa = PBXGroup;
			children = (
				7CDD3E202B25182F00146F50 /* testAutomation */,
				7CDD3E372B25183300146F50 /* testAutomationTests */,
				7CDD3E412B25183300146F50 /* testAutomationUITests */,
				7CDD3E1F2B25182F00146F50 /* Products */,
			);
			sourceTree = "<group>";
		};
		7CDD3E1F2B25182F00146F50 /* Products */ = {
			isa = PBXGroup;
			children = (
				7CDD3E1E2B25182F00146F50 /* testAutomation.app */,
				7CDD3E342B25183300146F50 /* testAutomationTests.xctest */,
				7CDD3E3E2B25183300146F50 /* testAutomationUITests.xctest */,
			);
			name = Products;
			sourceTree = "<group>";
		};
		7CDD3E202B25182F00146F50 /* testAutomation */ = {
			isa = PBXGroup;
			children = (
				7CDD3E212B25182F00146F50 /* AppDelegate.swift */,
				7CDD3E232B25182F00146F50 /* SceneDelegate.swift */,
				7CDD3E252B25182F00146F50 /* ViewController.swift */,
				7CDD3E272B25182F00146F50 /* Main.storyboard */,
				7CDD3E2A2B25183300146F50 /* Assets.xcassets */,
				7CDD3E2C2B25183300146F50 /* LaunchScreen.storyboard */,
				7CDD3E2F2B25183300146F50 /* Info.plist */,
			);
			path = testAutomation;
			sourceTree = "<group>";
		};
		7CDD3E372B25183300146F50 /* testAutomationTests */ = {
			isa = PBXGroup;
			children = (
				7CDD3E382B25183300146F50 /* testAutomationTests.swift */,
			);
			path = testAutomationTests;
			sourceTree = "<group>";
		};
		7CDD3E412B25183300146F50 /* testAutomationUITests */ = {
			isa = PBXGroup;
			children = (
				7CDD3E422B25183300146F50 /* testAutomationUITests.swift */,
				7CDD3E442B25183300146F50 /* testAutomationUITestsLaunchTests.swift */,
			);
			path = testAutomationUITests;
			sourceTree = "<group>";
		};
/* End PBXGroup section */

/* Begin PBXNativeTarget section */
		7CDD3E1D2B25182F00146F50 /* testAutomation */ = {
			isa = PBXNativeTarget;
			buildConfigurationList = 7CDD3E482B25183300146F50 /* Build configuration list for PBXNativeTarget "testAutomation" */;
			buildPhases = (
				7CDD3E1A2B25182F00146F50 /* Sources */,
				7CDD3E1B2B25182F00146F50 /* Frameworks */,
				7CDD3E1C2B25182F00146F50 /* Resources */,
			);
			buildRules = (
			);
			dependencies = (
			);
			name = testAutomation;
			productName = testAutomation;
			productReference = 7CDD3E1E2B25182F00146F50 /* testAutomation.app */;
			productType = "com.apple.product-type.application";
		};
		7CDD3E332B25183300146F50 /* testAutomationTests */ = {
			isa = PBXNativeTarget;
			buildConfigurationList = 7CDD3E4B2B25183300146F50 /* Build configuration list for PBXNativeTarget "testAutomationTests" */;
			buildPhases = (
				7CDD3E302B25183300146F50 /* Sources */,
				7CDD3E312B25183300146F50 /* Frameworks */,
				7CDD3E322B25183300146F50 /* Resources */,
			);
			buildRules = (
			);
			dependencies = (
				7CDD3E362B25183300146F50 /* PBXTargetDependency */,
			);
			name = testAutomationTests;
			productName = testAutomationTests;
			productReference = 7CDD3E342B25183300146F50 /* testAutomationTests.xctest */;
			productType = "com.apple.product-type.bundle.unit-test";
		};
		7CDD3E3D2B25183300146F50 /* testAutomationUITests */ = {
			isa = PBXNativeTarget;
			buildConfigurationList = 7CDD3E4E2B25183300146F50 /* Build configuration list for PBXNativeTarget "testAutomationUITests" */;
			buildPhases = (
				7CDD3E3A2B25183300146F50 /* Sources */,
				7CDD3E3B2B25183300146F50 /* Frameworks */,
				7CDD3E3C2B25183300146F50 /* Resources */,
			);
			buildRules = (
			);
			dependencies = (
				7CDD3E402B25183300146F50 /* PBXTargetDependency */,
			);
			name = testAutomationUITests;
			productName = testAutomationUITests;
			productReference = 7CDD3E3E2B25183300146F50 /* testAutomationUITests.xctest */;
			productType = "com.apple.product-type.bundle.ui-testing";
		};
/* End PBXNativeTarget section */

/* Begin PBXProject section */
		7CDD3E162B25182E00146F50 /* Project object */ = {
			isa = PBXProject;
			attributes = {
				BuildIndependentTargetsInParallel = 1;
				LastSwiftUpdateCheck = 1500;
				LastUpgradeCheck = 1500;
				TargetAttributes = {
					7CDD3E1D2B25182F00146F50 = {
						CreatedOnToolsVersion = 15.0.1;
					};
					7CDD3E332B25183300146F50 = {
						CreatedOnToolsVersion = 15.0.1;
						TestTargetID = 7CDD3E1D2B25182F00146F50;
					};
					7CDD3E3D2B25183300146F50 = {
						CreatedOnToolsVersion = 15.0.1;
						TestTargetID = 7CDD3E1D2B25182F00146F50;
					};
				};
			};
			buildConfigurationList = 7CDD3E192B25182E00146F50 /* Build configuration list for PBXProject "testAutomation" */;
			compatibilityVersion = "Xcode 14.0";
			developmentRegion = en;
			hasScannedForEncodings = 0;
			knownRegions = (
				en,
				Base,
			);
			mainGroup = 7CDD3E152B25182E00146F50;
			productRefGroup = 7CDD3E1F2B25182F00146F50 /* Products */;
			projectDirPath = "";
			projectRoot = "";
			targets = (
				7CDD3E1D2B25182F00146F50 /* testAutomation */,
				7CDD3E332B25183300146F50 /* testAutomationTests */,
				7CDD3E3D2B25183300146F50 /* testAutomationUITests */,
			);
		};
/* End PBXProject section */

/* Begin PBXResourcesBuildPhase section */
		7CDD3E1C2B25182F00146F50 /* Resources */ = {
			isa = PBXResourcesBuildPhase;
			buildActionMask = 2147483647;
			files = (
				7CDD3E2E2B25183300146F50 /* LaunchScreen.storyboard in Resources */,
				7CDD3E2B2B25183300146F50 /* Assets.xcassets in Resources */,
				7CDD3E292B25182F00146F50 /* Main.storyboard in Resources */,
			);
			runOnlyForDeploymentPostprocessing = 0;
		};
		7CDD3E322B25183300146F50 /* Resources */ = {
			isa = PBXResourcesBuildPhase;
			buildActionMask = 2147483647;
			files = (
			);
			runOnlyForDeploymentPostprocessing = 0;
		};
		7CDD3E3C2B25183300146F50 /* Resources */ = {
			isa = PBXResourcesBuildPhase;
			buildActionMask = 2147483647;
			files = (
			);
			runOnlyForDeploymentPostprocessing = 0;
		};
/* End PBXResourcesBuildPhase section */

/* Begin PBXSourcesBuildPhase section */
		7CDD3E1A2B25182F00146F50 /* Sources */ = {
			isa = PBXSourcesBuildPhase;
			buildActionMask = 2147483647;
			files = (
				7CDD3E262B25182F00146F50 /* ViewController.swift in Sources */,
				7CDD3E222B25182F00146F50 /* AppDelegate.swift in Sources */,
				7CDD3E242B25182F00146F50 /* SceneDelegate.swift in Sources */,
			);
			runOnlyForDeploymentPostprocessing = 0;
		};
		7CDD3E302B25183300146F50 /* Sources */ = {
			isa = PBXSourcesBuildPhase;
			buildActionMask = 2147483647;
			files = (
				7CDD3E392B25183300146F50 /* testAutomationTests.swift in Sources */,
			);
			runOnlyForDeploymentPostprocessing = 0;
		};
		7CDD3E3A2B25183300146F50 /* Sources */ = {
			isa = PBXSourcesBuildPhase;
			buildActionMask = 2147483647;
			files = (
				7CDD3E432B25183300146F50 /* testAutomationUITests.swift in Sources */,
				7CDD3E452B25183300146F50 /* testAutomationUITestsLaunchTests.swift in Sources */,
			);
			runOnlyForDeploymentPostprocessing = 0;
		};
/* End PBXSourcesBuildPhase section */

/* Begin PBXTargetDependency section */
		7CDD3E362B25183300146F50 /* PBXTargetDependency */ = {
			isa = PBXTargetDependency;
			target = 7CDD3E1D2B25182F00146F50 /* testAutomation */;
			targetProxy = 7CDD3E352B25183300146F50 /* PBXContainerItemProxy */;
		};
		7CDD3E402B25183300146F50 /* PBXTargetDependency */ = {
			isa = PBXTargetDependency;
			target = 7CDD3E1D2B25182F00146F50 /* testAutomation */;
			targetProxy = 7CDD3E3F2B25183300146F50 /* PBXContainerItemProxy */;
		};
/* End PBXTargetDependency section */

/* Begin PBXVariantGroup section */
		7CDD3E272B25182F00146F50 /* Main.storyboard */ = {
			isa = PBXVariantGroup;
			children = (
				7CDD3E282B25182F00146F50 /* Base */,
			);
			name = Main.storyboard;
			sourceTree = "<group>";
		};
		7CDD3E2C2B25183300146F50 /* LaunchScreen.storyboard */ = {
			isa = PBXVariantGroup;
			children = (
				7CDD3E2D2B25183300146F50 /* Base */,
			);
			name = LaunchScreen.storyboard;
			sourceTree = "<group>";
		};
/* End PBXVariantGroup section */

/* Begin XCBuildConfiguration section */
		7CDD3E462B25183300146F50 /* Debug */ = {
			isa = XCBuildConfiguration;
			buildSettings = {
				ALWAYS_SEARCH_USER_PATHS = NO;
				ASSETCATALOG_COMPILER_GENERATE_SWIFT_ASSET_SYMBOL_EXTENSIONS = YES;
				CLANG_ANALYZER_NONNULL = YES;
				CLANG_ANALYZER_NUMBER_OBJECT_CONVERSION = YES_AGGRESSIVE;
				CLANG_CXX_LANGUAGE_STANDARD = "gnu++20";
				CLANG_ENABLE_MODULES = YES;
				CLANG_ENABLE_OBJC_ARC = YES;
				CLANG_ENABLE_OBJC_WEAK = YES;
				CLANG_WARN_BLOCK_CAPTURE_AUTORELEASING = YES;
				CLANG_WARN_BOOL_CONVERSION = YES;
				CLANG_WARN_COMMA = YES;
				CLANG_WARN_CONSTANT_CONVERSION = YES;
				CLANG_WARN_DEPRECATED_OBJC_IMPLEMENTATIONS = YES;
				CLANG_WARN_DIRECT_OBJC_ISA_USAGE = YES_ERROR;
				CLANG_WARN_DOCUMENTATION_COMMENTS = YES;
				CLANG_WARN_EMPTY_BODY = YES;
				CLANG_WARN_ENUM_CONVERSION = YES;
				CLANG_WARN_INFINITE_RECURSION = YES;
				CLANG_WARN_INT_CONVERSION = YES;
				CLANG_WARN_NON_LITERAL_NULL_CONVERSION = YES;
				CLANG_WARN_OBJC_IMPLICIT_RETAIN_SELF = YES;
				CLANG_WARN_OBJC_LITERAL_CONVERSION = YES;
				CLANG_WARN_OBJC_ROOT_CLASS = YES_ERROR;
				CLANG_WARN_QUOTED_INCLUDE_IN_FRAMEWORK_HEADER = YES;
				CLANG_WARN_RANGE_LOOP_ANALYSIS = YES;
				CLANG_WARN_STRICT_PROTOTYPES = YES;
				CLANG_WARN_SUSPICIOUS_MOVE = YES;
				CLANG_WARN_UNGUARDED_AVAILABILITY = YES_AGGRESSIVE;
				CLANG_WARN_UNREACHABLE_CODE = YES;
				CLANG_WARN__DUPLICATE_METHOD_MATCH = YES;
				COPY_PHASE_STRIP = NO;
				DEBUG_INFORMATION_FORMAT = dwarf;
				ENABLE_STRICT_OBJC_MSGSEND = YES;
				ENABLE_TESTABILITY = YES;
				ENABLE_USER_SCRIPT_SANDBOXING = YES;
				GCC_C_LANGUAGE_STANDARD = gnu17;
				GCC_DYNAMIC_NO_PIC = NO;
				GCC_NO_COMMON_BLOCKS = YES;
				GCC_OPTIMIZATION_LEVEL = 0;
				GCC_PREPROCESSOR_DEFINITIONS = (
					"DEBUG=1",
					"$(inherited)",
				);
				GCC_WARN_64_TO_32_BIT_CONVERSION = YES;
				GCC_WARN_ABOUT_RETURN_TYPE = YES_ERROR;
				GCC_WARN_UNDECLARED_SELECTOR = YES;
				GCC_WARN_UNINITIALIZED_AUTOS = YES_AGGRESSIVE;
				GCC_WARN_UNUSED_FUNCTION = YES;
				GCC_WARN_UNUSED_VARIABLE = YES;
				IPHONEOS_DEPLOYMENT_TARGET = 17.0;
				LOCALIZATION_PREFERS_STRING_CATALOGS = YES;
				MTL_ENABLE_DEBUG_INFO = INCLUDE_SOURCE;
				MTL_FAST_MATH = YES;
				ONLY_ACTIVE_ARCH = YES;
				SDKROOT = iphoneos;
				SWIFT_ACTIVE_COMPILATION_CONDITIONS = "DEBUG $(inherited)";
				SWIFT_OPTIMIZATION_LEVEL = "-Onone";
			};
			name = Debug;
		};
		7CDD3E472B25183300146F50 /* Release */ = {
			isa = XCBuildConfiguration;
			buildSettings = {
				ALWAYS_SEARCH_USER_PATHS = NO;
				ASSETCATALOG_COMPILER_GENERATE_SWIFT_ASSET_SYMBOL_EXTENSIONS = YES;
				CLANG_ANALYZER_NONNULL = YES;
				CLANG_ANALYZER_NUMBER_OBJECT_CONVERSION = YES_AGGRESSIVE;
				CLANG_CXX_LANGUAGE_STANDARD = "gnu++20";
				CLANG_ENABLE_MODULES = YES;
				CLANG_ENABLE_OBJC_ARC = YES;
				CLANG_ENABLE_OBJC_WEAK = YES;
				CLANG_WARN_BLOCK_CAPTURE_AUTORELEASING = YES;
				CLANG_WARN_BOOL_CONVERSION = YES;
				CLANG_WARN_COMMA = YES;
				CLANG_WARN_CONSTANT_CONVERSION = YES;
				CLANG_WARN_DEPRECATED_OBJC_IMPLEMENTATIONS = YES;
				CLANG_WARN_DIRECT_OBJC_ISA_USAGE = YES_ERROR;
				CLANG_WARN_DOCUMENTATION_COMMENTS = YES;
				CLANG_WARN_EMPTY_BODY = YES;
				CLANG_WARN_ENUM_CONVERSION = YES;
				CLANG_WARN_INFINITE_RECURSION = YES;
				CLANG_WARN_INT_CONVERSION = YES;
				CLANG_WARN_NON_LITERAL_NULL_CONVERSION = YES;
				CLANG_WARN_OBJC_IMPLICIT_RETAIN_SELF = YES;
				CLANG_WARN_OBJC_LITERAL_CONVERSION = YES;
				CLANG_WARN_OBJC_ROOT_CLASS = YES_ERROR;
				CLANG_WARN_QUOTED_INCLUDE_IN_FRAMEWORK_HEADER = YES;
				CLANG_WARN_RANGE_LOOP_ANALYSIS = YES;
				CLANG_WARN_STRICT_PROTOTYPES = YES;
				CLANG_WARN_SUSPICIOUS_MOVE = YES;
				CLANG_WARN_UNGUARDED_AVAILABILITY = YES_AGGRESSIVE;
				CLANG_WARN_UNREACHABLE_CODE = YES;
				CLANG_WARN__DUPLICATE_METHOD_MATCH = YES;
				COPY_PHASE_STRIP = NO;
				DEBUG_INFORMATION_FORMAT = "dwarf-with-dsym";
				ENABLE_NS_ASSERTIONS = NO;
				ENABLE_STRICT_OBJC_MSGSEND = YES;
				ENABLE_USER_SCRIPT_SANDBOXING = YES;
				GCC_C_LANGUAGE_STANDARD = gnu17;
				GCC_NO_COMMON_BLOCKS = YES;
				GCC_WARN_64_TO_32_BIT_CONVERSION = YES;
				GCC_WARN_ABOUT_RETURN_TYPE = YES_ERROR;
				GCC_WARN_UNDECLARED_SELECTOR = YES;
				GCC_WARN_UNINITIALIZED_AUTOS = YES_AGGRESSIVE;
				GCC_WARN_UNUSED_FUNCTION = YES;
				GCC_WARN_UNUSED_VARIABLE = YES;
				IPHONEOS_DEPLOYMENT_TARGET = 17.0;
				LOCALIZATION_PREFERS_STRING_CATALOGS = YES;
				MTL_ENABLE_DEBUG_INFO = NO;
				MTL_FAST_MATH = YES;
				SDKROOT = iphoneos;
				SWIFT_COMPILATION_MODE = wholemodule;
				VALIDATE_PRODUCT = YES;
			};
			name = Release;
		};
		7CDD3E492B25183300146F50 /* Debug */ = {
			isa = XCBuildConfiguration;
			buildSettings = {
				ASSETCATALOG_COMPILER_APPICON_NAME = AppIcon;
				ASSETCATALOG_COMPILER_GLOBAL_ACCENT_COLOR_NAME = AccentColor;
				CODE_SIGN_STYLE = Automatic;
				CURRENT_PROJECT_VERSION = 1;
				DEVELOPMENT_TEAM = FW5669N54T;
				GENERATE_INFOPLIST_FILE = YES;
				INFOPLIST_FILE = testAutomation/Info.plist;
				INFOPLIST_KEY_CFBundleDisplayName = "Automation-Dbg";
				INFOPLIST_KEY_UIApplicationSupportsIndirectInputEvents = YES;
				INFOPLIST_KEY_UILaunchStoryboardName = LaunchScreen;
				INFOPLIST_KEY_UIMainStoryboardFile = Main;
				INFOPLIST_KEY_UISupportedInterfaceOrientations_iPad = "UIInterfaceOrientationPortrait UIInterfaceOrientationPortraitUpsideDown UIInterfaceOrientationLandscapeLeft UIInterfaceOrientationLandscapeRight";
				INFOPLIST_KEY_UISupportedInterfaceOrientations_iPhone = "UIInterfaceOrientationPortrait UIInterfaceOrientationLandscapeLeft UIInterfaceOrientationLandscapeRight";
				LD_RUNPATH_SEARCH_PATHS = (
					"$(inherited)",
					"@executable_path/Frameworks",
				);
				MARKETING_VERSION = 1.0;
				PRODUCT_BUNDLE_IDENTIFIER = "com.dm.testAutomation-debug";
				PRODUCT_NAME = "$(TARGET_NAME)";
				SWIFT_EMIT_LOC_STRINGS = YES;
				SWIFT_VERSION = 5.0;
				TARGETED_DEVICE_FAMILY = "1,2";
			};
			name = Debug;
		};
		7CDD3E4A2B25183300146F50 /* Release */ = {
			isa = XCBuildConfiguration;
			buildSettings = {
				ASSETCATALOG_COMPILER_APPICON_NAME = AppIcon;
				ASSETCATALOG_COMPILER_GLOBAL_ACCENT_COLOR_NAME = AccentColor;
				CODE_SIGN_IDENTITY = "Apple Development";
				CODE_SIGN_STYLE = Manual;
				CURRENT_PROJECT_VERSION = 1;
				DEVELOPMENT_TEAM = "";
				GENERATE_INFOPLIST_FILE = YES;
				INFOPLIST_FILE = testAutomation/Info.plist;
				INFOPLIST_KEY_CFBundleDisplayName = Automation;
				INFOPLIST_KEY_UIApplicationSupportsIndirectInputEvents = YES;
				INFOPLIST_KEY_UILaunchStoryboardName = LaunchScreen;
				INFOPLIST_KEY_UIMainStoryboardFile = Main;
				INFOPLIST_KEY_UISupportedInterfaceOrientations_iPad = "UIInterfaceOrientationPortrait UIInterfaceOrientationPortraitUpsideDown UIInterfaceOrientationLandscapeLeft UIInterfaceOrientationLandscapeRight";
				INFOPLIST_KEY_UISupportedInterfaceOrientations_iPhone = "UIInterfaceOrientationPortrait UIInterfaceOrientationLandscapeLeft UIInterfaceOrientationLandscapeRight";
				LD_RUNPATH_SEARCH_PATHS = (
					"$(inherited)",
					"@executable_path/Frameworks",
				);
				MARKETING_VERSION = 1.0;
				PRODUCT_BUNDLE_IDENTIFIER = com.dm.testAutomation;
				PRODUCT_NAME = "$(TARGET_NAME)";
				PROVISIONING_PROFILE_SPECIFIER = "";
				SWIFT_EMIT_LOC_STRINGS = YES;
				SWIFT_VERSION = 5.0;
				TARGETED_DEVICE_FAMILY = "1,2";
			};
			name = Release;
		};
		7CDD3E4C2B25183300146F50 /* Debug */ = {
			isa = XCBuildConfiguration;
			buildSettings = {
				ALWAYS_EMBED_SWIFT_STANDARD_LIBRARIES = YES;
				BUNDLE_LOADER = "$(TEST_HOST)";
				CODE_SIGN_STYLE = Automatic;
				CURRENT_PROJECT_VERSION = 1;
				DEVELOPMENT_TEAM = FW5669N54T;
				GENERATE_INFOPLIST_FILE = YES;
				IPHONEOS_DEPLOYMENT_TARGET = 17.0;
				MARKETING_VERSION = 1.0;
				PRODUCT_BUNDLE_IDENTIFIER = com.dm.testAutomationTests;
				PRODUCT_NAME = "$(TARGET_NAME)";
				SWIFT_EMIT_LOC_STRINGS = NO;
				SWIFT_VERSION = 5.0;
				TARGETED_DEVICE_FAMILY = "1,2";
				TEST_HOST = "$(BUILT_PRODUCTS_DIR)/testAutomation.app/$(BUNDLE_EXECUTABLE_FOLDER_PATH)/testAutomation";
			};
			name = Debug;
		};
		7CDD3E4D2B25183300146F50 /* Release */ = {
			isa = XCBuildConfiguration;
			buildSettings = {
				ALWAYS_EMBED_SWIFT_STANDARD_LIBRARIES = YES;
				BUNDLE_LOADER = "$(TEST_HOST)";
				CODE_SIGN_STYLE = Automatic;
				CURRENT_PROJECT_VERSION = 1;
				DEVELOPMENT_TEAM = FW5669N54T;
				GENERATE_INFOPLIST_FILE = YES;
				IPHONEOS_DEPLOYMENT_TARGET = 17.0;
				MARKETING_VERSION = 1.0;
				PRODUCT_BUNDLE_IDENTIFIER = com.dm.testAutomationTests;
				PRODUCT_NAME = "$(TARGET_NAME)";
				SWIFT_EMIT_LOC_STRINGS = NO;
				SWIFT_VERSION = 5.0;
				TARGETED_DEVICE_FAMILY = "1,2";
				TEST_HOST = "$(BUILT_PRODUCTS_DIR)/testAutomation.app/$(BUNDLE_EXECUTABLE_FOLDER_PATH)/testAutomation";
			};
			name = Release;
		};
		7CDD3E4F2B25183300146F50 /* Debug */ = {
			isa = XCBuildConfiguration;
			buildSettings = {
				ALWAYS_EMBED_SWIFT_STANDARD_LIBRARIES = YES;
				CODE_SIGN_STYLE = Automatic;
				CURRENT_PROJECT_VERSION = 1;
				DEVELOPMENT_TEAM = FW5669N54T;
				GENERATE_INFOPLIST_FILE = YES;
				MARKETING_VERSION = 1.0;
				PRODUCT_BUNDLE_IDENTIFIER = com.dm.testAutomationUITests;
				PRODUCT_NAME = "$(TARGET_NAME)";
				SWIFT_EMIT_LOC_STRINGS = NO;
				SWIFT_VERSION = 5.0;
				TARGETED_DEVICE_FAMILY = "1,2";
				TEST_TARGET_NAME = testAutomation;
			};
			name = Debug;
		};
		7CDD3E502B25183300146F50 /* Release */ = {
			isa = XCBuildConfiguration;
			buildSettings = {
				ALWAYS_EMBED_SWIFT_STANDARD_LIBRARIES = YES;
				CODE_SIGN_STYLE = Automatic;
				CURRENT_PROJECT_VERSION = 1;
				DEVELOPMENT_TEAM = FW5669N54T;
				GENERATE_INFOPLIST_FILE = YES;
				MARKETING_VERSION = 1.0;
				PRODUCT_BUNDLE_IDENTIFIER = com.dm.testAutomationUITests;
				PRODUCT_NAME = "$(TARGET_NAME)";
				SWIFT_EMIT_LOC_STRINGS = NO;
				SWIFT_VERSION = 5.0;
				TARGETED_DEVICE_FAMILY = "1,2";
				TEST_TARGET_NAME = testAutomation;
			};
			name = Release;
		};
		7CDD3E512B29D83700146F50 /* QA */ = {
			isa = XCBuildConfiguration;
			buildSettings = {
				ALWAYS_SEARCH_USER_PATHS = NO;
				ASSETCATALOG_COMPILER_GENERATE_SWIFT_ASSET_SYMBOL_EXTENSIONS = YES;
				CLANG_ANALYZER_NONNULL = YES;
				CLANG_ANALYZER_NUMBER_OBJECT_CONVERSION = YES_AGGRESSIVE;
				CLANG_CXX_LANGUAGE_STANDARD = "gnu++20";
				CLANG_ENABLE_MODULES = YES;
				CLANG_ENABLE_OBJC_ARC = YES;
				CLANG_ENABLE_OBJC_WEAK = YES;
				CLANG_WARN_BLOCK_CAPTURE_AUTORELEASING = YES;
				CLANG_WARN_BOOL_CONVERSION = YES;
				CLANG_WARN_COMMA = YES;
				CLANG_WARN_CONSTANT_CONVERSION = YES;
				CLANG_WARN_DEPRECATED_OBJC_IMPLEMENTATIONS = YES;
				CLANG_WARN_DIRECT_OBJC_ISA_USAGE = YES_ERROR;
				CLANG_WARN_DOCUMENTATION_COMMENTS = YES;
				CLANG_WARN_EMPTY_BODY = YES;
				CLANG_WARN_ENUM_CONVERSION = YES;
				CLANG_WARN_INFINITE_RECURSION = YES;
				CLANG_WARN_INT_CONVERSION = YES;
				CLANG_WARN_NON_LITERAL_NULL_CONVERSION = YES;
				CLANG_WARN_OBJC_IMPLICIT_RETAIN_SELF = YES;
				CLANG_WARN_OBJC_LITERAL_CONVERSION = YES;
				CLANG_WARN_OBJC_ROOT_CLASS = YES_ERROR;
				CLANG_WARN_QUOTED_INCLUDE_IN_FRAMEWORK_HEADER = YES;
				CLANG_WARN_RANGE_LOOP_ANALYSIS = YES;
				CLANG_WARN_STRICT_PROTOTYPES = YES;
				CLANG_WARN_SUSPICIOUS_MOVE = YES;
				CLANG_WARN_UNGUARDED_AVAILABILITY = YES_AGGRESSIVE;
				CLANG_WARN_UNREACHABLE_CODE = YES;
				CLANG_WARN__DUPLICATE_METHOD_MATCH = YES;
				COPY_PHASE_STRIP = NO;
				DEBUG_INFORMATION_FORMAT = "dwarf-with-dsym";
				ENABLE_NS_ASSERTIONS = NO;
				ENABLE_STRICT_OBJC_MSGSEND = YES;
				ENABLE_USER_SCRIPT_SANDBOXING = YES;
				GCC_C_LANGUAGE_STANDARD = gnu17;
				GCC_NO_COMMON_BLOCKS = YES;
				GCC_WARN_64_TO_32_BIT_CONVERSION = YES;
				GCC_WARN_ABOUT_RETURN_TYPE = YES_ERROR;
				GCC_WARN_UNDECLARED_SELECTOR = YES;
				GCC_WARN_UNINITIALIZED_AUTOS = YES_AGGRESSIVE;
				GCC_WARN_UNUSED_FUNCTION = YES;
				GCC_WARN_UNUSED_VARIABLE = YES;
				IPHONEOS_DEPLOYMENT_TARGET = 17.0;
				LOCALIZATION_PREFERS_STRING_CATALOGS = YES;
				MTL_ENABLE_DEBUG_INFO = NO;
				MTL_FAST_MATH = YES;
				SDKROOT = iphoneos;
				SWIFT_COMPILATION_MODE = wholemodule;
				VALIDATE_PRODUCT = YES;
			};
			name = QA;
		};
		7CDD3E522B29D83700146F50 /* QA */ = {
			isa = XCBuildConfiguration;
			buildSettings = {
				ASSETCATALOG_COMPILER_APPICON_NAME = AppIcon;
				ASSETCATALOG_COMPILER_GLOBAL_ACCENT_COLOR_NAME = AccentColor;
				CODE_SIGN_IDENTITY = "Apple Development";
				"CODE_SIGN_IDENTITY[sdk=iphoneos*]" = "iPhone Distribution";
				CODE_SIGN_STYLE = Manual;
				CURRENT_PROJECT_VERSION = 1;
				DEVELOPMENT_TEAM = "";
				"DEVELOPMENT_TEAM[sdk=iphoneos*]" = FW5669N54T;
				GENERATE_INFOPLIST_FILE = YES;
				INFOPLIST_FILE = testAutomation/Info.plist;
				INFOPLIST_KEY_CFBundleDisplayName = "Automation-QA";
				INFOPLIST_KEY_UIApplicationSupportsIndirectInputEvents = YES;
				INFOPLIST_KEY_UILaunchStoryboardName = LaunchScreen;
				INFOPLIST_KEY_UIMainStoryboardFile = Main;
				INFOPLIST_KEY_UISupportedInterfaceOrientations_iPad = "UIInterfaceOrientationPortrait UIInterfaceOrientationPortraitUpsideDown UIInterfaceOrientationLandscapeLeft UIInterfaceOrientationLandscapeRight";
				INFOPLIST_KEY_UISupportedInterfaceOrientations_iPhone = "UIInterfaceOrientationPortrait UIInterfaceOrientationLandscapeLeft UIInterfaceOrientationLandscapeRight";
				LD_RUNPATH_SEARCH_PATHS = (
					"$(inherited)",
					"@executable_path/Frameworks",
				);
				MARKETING_VERSION = 1.0;
				PRODUCT_BUNDLE_IDENTIFIER = com.dm.testAutomation;
				PRODUCT_NAME = "$(TARGET_NAME)";
				PROVISIONING_PROFILE_SPECIFIER = "";
				"PROVISIONING_PROFILE_SPECIFIER[sdk=iphoneos*]" = "Wildcard-Ad-Hoc";
				SWIFT_EMIT_LOC_STRINGS = YES;
				SWIFT_VERSION = 5.0;
				TARGETED_DEVICE_FAMILY = "1,2";
			};
			name = QA;
		};
		7CDD3E532B29D83700146F50 /* QA */ = {
			isa = XCBuildConfiguration;
			buildSettings = {
				ALWAYS_EMBED_SWIFT_STANDARD_LIBRARIES = YES;
				BUNDLE_LOADER = "$(TEST_HOST)";
				CODE_SIGN_STYLE = Automatic;
				CURRENT_PROJECT_VERSION = 1;
				DEVELOPMENT_TEAM = FW5669N54T;
				GENERATE_INFOPLIST_FILE = YES;
				IPHONEOS_DEPLOYMENT_TARGET = 17.0;
				MARKETING_VERSION = 1.0;
				PRODUCT_BUNDLE_IDENTIFIER = com.dm.testAutomationTests;
				PRODUCT_NAME = "$(TARGET_NAME)";
				SWIFT_EMIT_LOC_STRINGS = NO;
				SWIFT_VERSION = 5.0;
				TARGETED_DEVICE_FAMILY = "1,2";
				TEST_HOST = "$(BUILT_PRODUCTS_DIR)/testAutomation.app/$(BUNDLE_EXECUTABLE_FOLDER_PATH)/testAutomation";
			};
			name = QA;
		};
		7CDD3E542B29D83700146F50 /* QA */ = {
			isa = XCBuildConfiguration;
			buildSettings = {
				ALWAYS_EMBED_SWIFT_STANDARD_LIBRARIES = YES;
				CODE_SIGN_STYLE = Automatic;
				CURRENT_PROJECT_VERSION = 1;
				DEVELOPMENT_TEAM = FW5669N54T;
				GENERATE_INFOPLIST_FILE = YES;
				MARKETING_VERSION = 1.0;
				PRODUCT_BUNDLE_IDENTIFIER = com.dm.testAutomationUITests;
				PRODUCT_NAME = "$(TARGET_NAME)";
				SWIFT_EMIT_LOC_STRINGS = NO;
				SWIFT_VERSION = 5.0;
				TARGETED_DEVICE_FAMILY = "1,2";
				TEST_TARGET_NAME = testAutomation;
			};
			name = QA;
		};
/* End XCBuildConfiguration section */

/* Begin XCConfigurationList section */
		7CDD3E192B25182E00146F50 /* Build configuration list for PBXProject "testAutomation" */ = {
			isa = XCConfigurationList;
			buildConfigurations = (
				7CDD3E462B25183300146F50 /* Debug */,
				7CDD3E472B25183300146F50 /* Release */,
				7CDD3E512B29D83700146F50 /* QA */,
			);
			defaultConfigurationIsVisible = 0;
			defaultConfigurationName = Release;
		};
		7CDD3E482B25183300146F50 /* Build configuration list for PBXNativeTarget "testAutomation" */ = {
			isa = XCConfigurationList;
			buildConfigurations = (
				7CDD3E492B25183300146F50 /* Debug */,
				7CDD3E4A2B25183300146F50 /* Release */,
				7CDD3E522B29D83700146F50 /* QA */,
			);
			defaultConfigurationIsVisible = 0;
			defaultConfigurationName = Release;
		};
		7CDD3E4B2B25183300146F50 /* Build configuration list for PBXNativeTarget "testAutomationTests" */ = {
			isa = XCConfigurationList;
			buildConfigurations = (
				7CDD3E4C2B25183300146F50 /* Debug */,
				7CDD3E4D2B25183300146F50 /* Release */,
				7CDD3E532B29D83700146F50 /* QA */,
			);
			defaultConfigurationIsVisible = 0;
			defaultConfigurationName = Release;
		};
		7CDD3E4E2B25183300146F50 /* Build configuration list for PBXNativeTarget "testAutomationUITests" */ = {
			isa = XCConfigurationList;
			buildConfigurations = (
				7CDD3E4F2B25183300146F50 /* Debug */,
				7CDD3E502B25183300146F50 /* Release */,
				7CDD3E542B29D83700146F50 /* QA */,
			);
			defaultConfigurationIsVisible = 0;
			defaultConfigurationName = Release;
		};
/* End XCConfigurationList section */
	};
	rootObject = 7CDD3E162B25182E00146F50 /* Project object */;
}
